// !$*UTF8*$!
{
	archiveVersion = 1;
	classes = {
	};
	objectVersion = 50;
	objects = {

/* Begin PBXBuildFile section */
		728DFE9923EC5D1300DA3352 /* AppDelegate.swift in Sources */ = {isa = PBXBuildFile; fileRef = 728DFE9823EC5D1300DA3352 /* AppDelegate.swift */; };
		728DFE9B23EC5D1300DA3352 /* SceneDelegate.swift in Sources */ = {isa = PBXBuildFile; fileRef = 728DFE9A23EC5D1300DA3352 /* SceneDelegate.swift */; };
		728DFE9D23EC5D1300DA3352 /* FirstViewController.swift in Sources */ = {isa = PBXBuildFile; fileRef = 728DFE9C23EC5D1300DA3352 /* FirstViewController.swift */; };
		728DFE9F23EC5D1300DA3352 /* SecondViewController.swift in Sources */ = {isa = PBXBuildFile; fileRef = 728DFE9E23EC5D1300DA3352 /* SecondViewController.swift */; };
		728DFEA223EC5D1300DA3352 /* Main.storyboard in Resources */ = {isa = PBXBuildFile; fileRef = 728DFEA023EC5D1300DA3352 /* Main.storyboard */; };
		728DFEA423EC5D1500DA3352 /* Assets.xcassets in Resources */ = {isa = PBXBuildFile; fileRef = 728DFEA323EC5D1500DA3352 /* Assets.xcassets */; };
		728DFEA723EC5D1500DA3352 /* LaunchScreen.storyboard in Resources */ = {isa = PBXBuildFile; fileRef = 728DFEA523EC5D1500DA3352 /* LaunchScreen.storyboard */; };
/* End PBXBuildFile section */

/* Begin PBXFileReference section */
		728DFE9523EC5D1300DA3352 /* TabBarDemo.app */ = {isa = PBXFileReference; explicitFileType = wrapper.application; includeInIndex = 0; path = TabBarDemo.app; sourceTree = BUILT_PRODUCTS_DIR; };
		728DFE9823EC5D1300DA3352 /* AppDelegate.swift */ = {isa = PBXFileReference; lastKnownFileType = sourcecode.swift; path = AppDelegate.swift; sourceTree = "<group>"; };
		728DFE9A23EC5D1300DA3352 /* SceneDelegate.swift */ = {isa = PBXFileReference; lastKnownFileType = sourcecode.swift; path = SceneDelegate.swift; sourceTree = "<group>"; };
		728DFE9C23EC5D1300DA3352 /* FirstViewController.swift */ = {isa = PBXFileReference; lastKnownFileType = sourcecode.swift; path = FirstViewController.swift; sourceTree = "<group>"; };
		728DFE9E23EC5D1300DA3352 /* SecondViewController.swift */ = {isa = PBXFileReference; lastKnownFileType = sourcecode.swift; path = SecondViewController.swift; sourceTree = "<group>"; };
		728DFEA123EC5D1300DA3352 /* Base */ = {isa = PBXFileReference; lastKnownFileType = file.storyboard; name = Base; path = Base.lproj/Main.storyboard; sourceTree = "<group>"; };
		728DFEA323EC5D1500DA3352 /* Assets.xcassets */ = {isa = PBXFileReference; lastKnownFileType = folder.assetcatalog; path = Assets.xcassets; sourceTree = "<group>"; };
		728DFEA623EC5D1500DA3352 /* Base */ = {isa = PBXFileReference; lastKnownFileType = file.storyboard; name = Base; path = Base.lproj/LaunchScreen.storyboard; sourceTree = "<group>"; };
		728DFEA823EC5D1500DA3352 /* Info.plist */ = {isa = PBXFileReference; lastKnownFileType = text.plist.xml; path = Info.plist; sourceTree = "<group>"; };
/* End PBXFileReference section */

/* Begin PBXFrameworksBuildPhase section */
		728DFE9223EC5D1300DA3352 /* Frameworks */ = {
			isa = PBXFrameworksBuildPhase;
			buildActionMask = 2147483647;
			files = (
			);
			runOnlyForDeploymentPostprocessing = 0;
		};
/* End PBXFrameworksBuildPhase section */

/* Begin PBXGroup section */
		728DFE8C23EC5D1300DA3352 = {
			isa = PBXGroup;
			children = (
				728DFE9723EC5D1300DA3352 /* TabBarDemo */,
				728DFE9623EC5D1300DA3352 /* Products */,
			);
			sourceTree = "<group>";
		};
		728DFE9623EC5D1300DA3352 /* Products */ = {
			isa = PBXGroup;
			children = (
				728DFE9523EC5D1300DA3352 /* TabBarDemo.app */,
			);
			name = Products;
			sourceTree = "<group>";
		};
		728DFE9723EC5D1300DA3352 /* TabBarDemo */ = {
			isa = PBXGroup;
			children = (
				728DFE9823EC5D1300DA3352 /* AppDelegate.swift */,
				728DFE9A23EC5D1300DA3352 /* SceneDelegate.swift */,
				728DFE9C23EC5D1300DA3352 /* FirstViewController.swift */,
				728DFE9E23EC5D1300DA3352 /* SecondViewController.swift */,
				728DFEA023EC5D1300DA3352 /* Main.storyboard */,
				728DFEA323EC5D1500DA3352 /* Assets.xcassets */,
				728DFEA523EC5D1500DA3352 /* LaunchScreen.storyboard */,
				728DFEA823EC5D1500DA3352 /* Info.plist */,
			);
			path = TabBarDemo;
			sourceTree = "<group>";
		};
/* End PBXGroup section */

/* Begin PBXNativeTarget section */
		728DFE9423EC5D1300DA3352 /* TabBarDemo */ = {
			isa = PBXNativeTarget;
			buildConfigurationList = 728DFEAB23EC5D1500DA3352 /* Build configuration list for PBXNativeTarget "TabBarDemo" */;
			buildPhases = (
				728DFE9123EC5D1300DA3352 /* Sources */,
				728DFE9223EC5D1300DA3352 /* Frameworks */,
				728DFE9323EC5D1300DA3352 /* Resources */,
			);
			buildRules = (
			);
			dependencies = (
			);
			name = TabBarDemo;
			productName = TabBarDemo;
			productReference = 728DFE9523EC5D1300DA3352 /* TabBarDemo.app */;
			productType = "com.apple.product-type.application";
		};
/* End PBXNativeTarget section */

/* Begin PBXProject section */
		728DFE8D23EC5D1300DA3352 /* Project object */ = {
			isa = PBXProject;
			attributes = {
				LastSwiftUpdateCheck = 1130;
				LastUpgradeCheck = 1130;
				ORGANIZATIONNAME = "Jiju Induchoodan";
				TargetAttributes = {
					728DFE9423EC5D1300DA3352 = {
						CreatedOnToolsVersion = 11.3;
					};
				};
			};
			buildConfigurationList = 728DFE9023EC5D1300DA3352 /* Build configuration list for PBXProject "TabBarDemo" */;
			compatibilityVersion = "Xcode 9.3";
			developmentRegion = en;
			hasScannedForEncodings = 0;
			knownRegions = (
				en,
				Base,
			);
			mainGroup = 728DFE8C23EC5D1300DA3352;
			productRefGroup = 728DFE9623EC5D1300DA3352 /* Products */;
			projectDirPath = "";
			projectRoot = "";
			targets = (
				728DFE9423EC5D1300DA3352 /* TabBarDemo */,
			);
		};
/* End PBXProject section */

/* Begin PBXResourcesBuildPhase section */
		728DFE9323EC5D1300DA3352 /* Resources */ = {
			isa = PBXResourcesBuildPhase;
			buildActionMask = 2147483647;
			files = (
				728DFEA723EC5D1500DA3352 /* LaunchScreen.storyboard in Resources */,
				728DFEA423EC5D1500DA3352 /* Assets.xcassets in Resources */,
				728DFEA223EC5D1300DA3352 /* Main.storyboard in Resources */,
			);
			runOnlyForDeploymentPostprocessing = 0;
		};
/* End PBXResourcesBuildPhase section */

/* Begin PBXSourcesBuildPhase section */
		728DFE9123EC5D1300DA3352 /* Sources */ = {
			isa = PBXSourcesBuildPhase;
			buildActionMask = 2147483647;
			files = (
				728DFE9F23EC5D1300DA3352 /* SecondViewController.swift in Sources */,
				728DFE9D23EC5D1300DA3352 /* FirstViewController.swift in Sources */,
				728DFE9923EC5D1300DA3352 /* AppDelegate.swift in Sources */,
				728DFE9B23EC5D1300DA3352 /* SceneDelegate.swift in Sources */,
			);
			runOnlyForDeploymentPostprocessing = 0;
		};
/* End PBXSourcesBuildPhase section */

/* Begin PBXVariantGroup section */
		728DFEA023EC5D1300DA3352 /* Main.storyboard */ = {
			isa = PBXVariantGroup;
			children = (
				728DFEA123EC5D1300DA3352 /* Base */,
			);
			name = Main.storyboard;
			sourceTree = "<group>";
		};
		728DFEA523EC5D1500DA3352 /* LaunchScreen.storyboard */ = {
			isa = PBXVariantGroup;
			children = (
				728DFEA623EC5D1500DA3352 /* Base */,
			);
			name = LaunchScreen.storyboard;
			sourceTree = "<group>";
		};
/* End PBXVariantGroup section */

/* Begin XCBuildConfiguration section */
		728DFEA923EC5D1500DA3352 /* Debug */ = {
			isa = XCBuildConfiguration;
			buildSettings = {
				ALWAYS_SEARCH_USER_PATHS = NO;
				CLANG_ANALYZER_NONNULL = YES;
				CLANG_ANALYZER_NUMBER_OBJECT_CONVERSION = YES_AGGRESSIVE;
				CLANG_CXX_LANGUAGE_STANDARD = "gnu++14";
				CLANG_CXX_LIBRARY = "libc++";
				CLANG_ENABLE_MODULES = YES;
				CLANG_ENABLE_OBJC_ARC = YES;
				CLANG_ENABLE_OBJC_WEAK = YES;
				CLANG_WARN_BLOCK_CAPTURE_AUTORELEASING = YES;
				CLANG_WARN_BOOL_CONVERSION = YES;
				CLANG_WARN_COMMA = YES;
				CLANG_WARN_CONSTANT_CONVERSION = YES;
				CLANG_WARN_DEPRECATED_OBJC_IMPLEMENTATIONS = YES;
				CLANG_WARN_DIRECT_OBJC_ISA_USAGE = YES_ERROR;
				CLANG_WARN_DOCUMENTATION_COMMENTS = YES;
				CLANG_WARN_EMPTY_BODY = YES;
				CLANG_WARN_ENUM_CONVERSION = YES;
				CLANG_WARN_INFINITE_RECURSION = YES;
				CLANG_WARN_INT_CONVERSION = YES;
				CLANG_WARN_NON_LITERAL_NULL_CONVERSION = YES;
				CLANG_WARN_OBJC_IMPLICIT_RETAIN_SELF = YES;
				CLANG_WARN_OBJC_LITERAL_CONVERSION = YES;
				CLANG_WARN_OBJC_ROOT_CLASS = YES_ERROR;
				CLANG_WARN_RANGE_LOOP_ANALYSIS = YES;
				CLANG_WARN_STRICT_PROTOTYPES = YES;
				CLANG_WARN_SUSPICIOUS_MOVE = YES;
				CLANG_WARN_UNGUARDED_AVAILABILITY = YES_AGGRESSIVE;
				CLANG_WARN_UNREACHABLE_CODE = YES;
				CLANG_WARN__DUPLICATE_METHOD_MATCH = YES;
				COPY_PHASE_STRIP = NO;
				DEBUG_INFORMATION_FORMAT = dwarf;
				ENABLE_STRICT_OBJC_MSGSEND = YES;
				ENABLE_TESTABILITY = YES;
				GCC_C_LANGUAGE_STANDARD = gnu11;
				GCC_DYNAMIC_NO_PIC = NO;
				GCC_NO_COMMON_BLOCKS = YES;
				GCC_OPTIMIZATION_LEVEL = 0;
				GCC_PREPROCESSOR_DEFINITIONS = (
					"DEBUG=1",
					"$(inherited)",
				);
				GCC_WARN_64_TO_32_BIT_CONVERSION = YES;
				GCC_WARN_ABOUT_RETURN_TYPE = YES_ERROR;
				GCC_WARN_UNDECLARED_SELECTOR = YES;
				GCC_WARN_UNINITIALIZED_AUTOS = YES_AGGRESSIVE;
				GCC_WARN_UNUSED_FUNCTION = YES;
				GCC_WARN_UNUSED_VARIABLE = YES;
				IPHONEOS_DEPLOYMENT_TARGET = 13.2;
				MTL_ENABLE_DEBUG_INFO = INCLUDE_SOURCE;
				MTL_FAST_MATH = YES;
				ONLY_ACTIVE_ARCH = YES;
				SDKROOT = iphoneos;
				SWIFT_ACTIVE_COMPILATION_CONDITIONS = DEBUG;
				SWIFT_OPTIMIZATION_LEVEL = "-Onone";
			};
			name = Debug;
		};
		728DFEAA23EC5D1500DA3352 /* Release */ = {
			isa = XCBuildConfiguration;
			buildSettings = {
				ALWAYS_SEARCH_USER_PATHS = NO;
				CLANG_ANALYZER_NONNULL = YES;
				CLANG_ANALYZER_NUMBER_OBJECT_CONVERSION = YES_AGGRESSIVE;
				CLANG_CXX_LANGUAGE_STANDARD = "gnu++14";
				CLANG_CXX_LIBRARY = "libc++";
				CLANG_ENABLE_MODULES = YES;
				CLANG_ENABLE_OBJC_ARC = YES;
				CLANG_ENABLE_OBJC_WEAK = YES;
				CLANG_WARN_BLOCK_CAPTURE_AUTORELEASING = YES;
				CLANG_WARN_BOOL_CONVERSION = YES;
				CLANG_WARN_COMMA = YES;
				CLANG_WARN_CONSTANT_CONVERSION = YES;
				CLANG_WARN_DEPRECATED_OBJC_IMPLEMENTATIONS = YES;
				CLANG_WARN_DIRECT_OBJC_ISA_USAGE = YES_ERROR;
				CLANG_WARN_DOCUMENTATION_COMMENTS = YES;
				CLANG_WARN_EMPTY_BODY = YES;
				CLANG_WARN_ENUM_CONVERSION = YES;
				CLANG_WARN_INFINITE_RECURSION = YES;
				CLANG_WARN_INT_CONVERSION = YES;
				CLANG_WARN_NON_LITERAL_NULL_CONVERSION = YES;
				CLANG_WARN_OBJC_IMPLICIT_RETAIN_SELF = YES;
				CLANG_WARN_OBJC_LITERAL_CONVERSION = YES;
				CLANG_WARN_OBJC_ROOT_CLASS = YES_ERROR;
				CLANG_WARN_RANGE_LOOP_ANALYSIS = YES;
				CLANG_WARN_STRICT_PROTOTYPES = YES;
				CLANG_WARN_SUSPICIOUS_MOVE = YES;
				CLANG_WARN_UNGUARDED_AVAILABILITY = YES_AGGRESSIVE;
				CLANG_WARN_UNREACHABLE_CODE = YES;
				CLANG_WARN__DUPLICATE_METHOD_MATCH = YES;
				COPY_PHASE_STRIP = NO;
				DEBUG_INFORMATION_FORMAT = "dwarf-with-dsym";
				ENABLE_NS_ASSERTIONS = NO;
				ENABLE_STRICT_OBJC_MSGSEND = YES;
				GCC_C_LANGUAGE_STANDARD = gnu11;
				GCC_NO_COMMON_BLOCKS = YES;
				GCC_WARN_64_TO_32_BIT_CONVERSION = YES;
				GCC_WARN_ABOUT_RETURN_TYPE = YES_ERROR;
				GCC_WARN_UNDECLARED_SELECTOR = YES;
				GCC_WARN_UNINITIALIZED_AUTOS = YES_AGGRESSIVE;
				GCC_WARN_UNUSED_FUNCTION = YES;
				GCC_WARN_UNUSED_VARIABLE = YES;
				IPHONEOS_DEPLOYMENT_TARGET = 13.2;
				MTL_ENABLE_DEBUG_INFO = NO;
				MTL_FAST_MATH = YES;
				SDKROOT = iphoneos;
				SWIFT_COMPILATION_MODE = wholemodule;
				SWIFT_OPTIMIZATION_LEVEL = "-O";
				VALIDATE_PRODUCT = YES;
			};
			name = Release;
		};
		728DFEAC23EC5D1500DA3352 /* Debug */ = {
			isa = XCBuildConfiguration;
			buildSettings = {
				ASSETCATALOG_COMPILER_APPICON_NAME = AppIcon;
				CODE_SIGN_STYLE = Automatic;
				INFOPLIST_FILE = TabBarDemo/Info.plist;
				LD_RUNPATH_SEARCH_PATHS = (
					"$(inherited)",
					"@executable_path/Frameworks",
				);
				PRODUCT_BUNDLE_IDENTIFIER = com.product.demo.table.da.TabBarDemo;
				PRODUCT_NAME = "$(TARGET_NAME)";
				SWIFT_VERSION = 5.0;
				TARGETED_DEVICE_FAMILY = "1,2";
			};
			name = Debug;
		};
		728DFEAD23EC5D1500DA3352 /* Release */ = {
			isa = XCBuildConfiguration;
			buildSettings = {
				ASSETCATALOG_COMPILER_APPICON_NAME = AppIcon;
				CODE_SIGN_STYLE = Automatic;
				INFOPLIST_FILE = TabBarDemo/Info.plist;
				LD_RUNPATH_SEARCH_PATHS = (
					"$(inherited)",
					"@executable_path/Frameworks",
				);
				PRODUCT_BUNDLE_IDENTIFIER = com.product.demo.table.da.TabBarDemo;
				PRODUCT_NAME = "$(TARGET_NAME)";
				SWIFT_VERSION = 5.0;
				TARGETED_DEVICE_FAMILY = "1,2";
			};
			name = Release;
		};
/* End XCBuildConfiguration section */

/* Begin XCConfigurationList section */
		728DFE9023EC5D1300DA3352 /* Build configuration list for PBXProject "TabBarDemo" */ = {
			isa = XCConfigurationList;
			buildConfigurations = (
				728DFEA923EC5D1500DA3352 /* Debug */,
				728DFEAA23EC5D1500DA3352 /* Release */,
			);
			defaultConfigurationIsVisible = 0;
			defaultConfigurationName = Release;
		};
		728DFEAB23EC5D1500DA3352 /* Build configuration list for PBXNativeTarget "TabBarDemo" */ = {
			isa = XCConfigurationList;
			buildConfigurations = (
				728DFEAC23EC5D1500DA3352 /* Debug */,
				728DFEAD23EC5D1500DA3352 /* Release */,
			);
			defaultConfigurationIsVisible = 0;
			defaultConfigurationName = Release;
		};
/* End XCConfigurationList section */
	};
	rootObject = 728DFE8D23EC5D1300DA3352 /* Project object */;
}
